<Solution>
  <Project Path="Lokrain.SkyTycoon.MapGeneration.Runtime.Tests.csproj" />
  <Project Path="Lokrain.SkyTycoon.MapGeneration.Editor.csproj" />
  <Project Path="Lokrain.SkyTycoon.MapGeneration.csproj" />
  <Project Path="Lokrain.SkyTycoon.Knowledge.Runtime.csproj" />
  <Project Path="Lokrain.SkyTycoon.Knowledge.Runtime.Tests.csproj" />
  <Project Path="Lokrain.SkyTycoon.Knowledge.Editor.Tests.csproj" />
  <Project Path="Lokrain.SkyTycoon.Knowledge.Editor.csproj" />
</Solution>
