<Solution>
  <Project Path="Lokrain.Burstable.csproj" />
  <Project Path="Lokrain.Burstable.Tests.csproj" />
  <Project Path="Assembly-CSharp-Editor.csproj" />
  <Project Path="Lokrain.Burstable.Editor.csproj" />
  <Project Path="Lokrain.Burstable.Editor.Tests.csproj" />
  <Project Path="Assembly-CSharp.csproj" />
</Solution>
