<Solution>
  <Project Path="Lokrain.SkyTycoon.MapGeneration.Preview.csproj" />
  <Project Path="Lokrain.SkyTycoon.MapGeneration.Generation.csproj" />
  <Project Path="Lokrain.SkyTycoon.MapGeneration.Editor.csproj" />
  <Project Path="Lokrain.SkyTycoon.MapGeneration.Domain.csproj" />
  <Project Path="Lokrain.SkyTycoon.MapGeneration.Authering.csproj" />
</Solution>
